// !$*UTF8*$!
{
	archiveVersion = 1;
	classes = {
	};
	objectVersion = 56;
	objects = {

/* Begin PBXBuildFile section */
		1B0BE6722DA0F79900E29CEB /* AttentionRecord.swift in Sources */ = {isa = PBXBuildFile; fileRef = 1B0BE6712DA0F78A00E29CEB /* AttentionRecord.swift */; };
		1B0BE6742DA0F7C100E29CEB /* ActivityTrackingManager.swift in Sources */ = {isa = PBXBuildFile; fileRef = 1B0BE6732DA0F7B800E29CEB /* ActivityTrackingManager.swift */; };
		1B0BE6762DA0F81400E29CEB /* OpenAIService.swift in Sources */ = {isa = PBXBuildFile; fileRef = 1B0BE6752DA0F80B00E29CEB /* OpenAIService.swift */; };
		1B0BE6782DA0F83700E29CEB /* MenuBarController.swift in Sources */ = {isa = PBXBuildFile; fileRef = 1B0BE6772DA0F83100E29CEB /* MenuBarController.swift */; };
		1B0BE67A2DA0F86E00E29CEB /* Dashboard.swift in Sources */ = {isa = PBXBuildFile; fileRef = 1B0BE6792DA0F86700E29CEB /* Dashboard.swift */; };
		1B0BE67E2DA102A900E29CEB /* CameraTrackingManager.swift in Sources */ = {isa = PBXBuildFile; fileRef = 1B0BE67D2DA102A300E29CEB /* CameraTrackingManager.swift */; };
		1B0BE6852DA1D2BE00E29CEB /* SpotifyService.swift in Sources */ = {isa = PBXBuildFile; fileRef = 1B0BE6842DA1D2B500E29CEB /* SpotifyService.swift */; };
		1B0BE6872DA1D2E000E29CEB /* MusicControlBar.swift in Sources */ = {isa = PBXBuildFile; fileRef = 1B0BE6862DA1D2D300E29CEB /* MusicControlBar.swift */; };
		1B0BE6982DA1DCD500E29CEB /* AppDelegate.swift in Sources */ = {isa = PBXBuildFile; fileRef = 1B0BE6972DA1DCCE00E29CEB /* AppDelegate.swift */; };
		1B13E9C02C3E22CB00F79670 /* TrackyApp.swift in Sources */ = {isa = PBXBuildFile; fileRef = 1B13E9BF2C3E22CB00F79670 /* TrackyApp.swift */; };
		1B13E9C22C3E22CB00F79670 /* ContentView.swift in Sources */ = {isa = PBXBuildFile; fileRef = 1B13E9C12C3E22CB00F79670 /* ContentView.swift */; };
		1B13E9C42C3E22CD00F79670 /* Assets.xcassets in Resources */ = {isa = PBXBuildFile; fileRef = 1B13E9C32C3E22CD00F79670 /* Assets.xcassets */; };
		1B13E9C72C3E22CD00F79670 /* Preview Assets.xcassets in Resources */ = {isa = PBXBuildFile; fileRef = 1B13E9C62C3E22CD00F79670 /* Preview Assets.xcassets */; };
/* End PBXBuildFile section */

/* Begin PBXFileReference section */
		1B0BE6712DA0F78A00E29CEB /* AttentionRecord.swift */ = {isa = PBXFileReference; lastKnownFileType = sourcecode.swift; path = AttentionRecord.swift; sourceTree = "<group>"; };
		1B0BE6732DA0F7B800E29CEB /* ActivityTrackingManager.swift */ = {isa = PBXFileReference; lastKnownFileType = sourcecode.swift; path = ActivityTrackingManager.swift; sourceTree = "<group>"; };
		1B0BE6752DA0F80B00E29CEB /* OpenAIService.swift */ = {isa = PBXFileReference; lastKnownFileType = sourcecode.swift; path = OpenAIService.swift; sourceTree = "<group>"; };
		1B0BE6772DA0F83100E29CEB /* MenuBarController.swift */ = {isa = PBXFileReference; lastKnownFileType = sourcecode.swift; path = MenuBarController.swift; sourceTree = "<group>"; };
		1B0BE6792DA0F86700E29CEB /* Dashboard.swift */ = {isa = PBXFileReference; lastKnownFileType = sourcecode.swift; path = Dashboard.swift; sourceTree = "<group>"; };
		1B0BE67D2DA102A300E29CEB /* CameraTrackingManager.swift */ = {isa = PBXFileReference; lastKnownFileType = sourcecode.swift; path = CameraTrackingManager.swift; sourceTree = "<group>"; };
		1B0BE6842DA1D2B500E29CEB /* SpotifyService.swift */ = {isa = PBXFileReference; lastKnownFileType = sourcecode.swift; path = SpotifyService.swift; sourceTree = "<group>"; };
		1B0BE6862DA1D2D300E29CEB /* MusicControlBar.swift */ = {isa = PBXFileReference; lastKnownFileType = sourcecode.swift; path = MusicControlBar.swift; sourceTree = "<group>"; };
		1B0BE6972DA1DCCE00E29CEB /* AppDelegate.swift */ = {isa = PBXFileReference; lastKnownFileType = sourcecode.swift; path = AppDelegate.swift; sourceTree = "<group>"; };
		1B13E9BC2C3E22CB00F79670 /* Tracky.app */ = {isa = PBXFileReference; explicitFileType = wrapper.application; includeInIndex = 0; path = Tracky.app; sourceTree = BUILT_PRODUCTS_DIR; };
		1B13E9BF2C3E22CB00F79670 /* TrackyApp.swift */ = {isa = PBXFileReference; lastKnownFileType = sourcecode.swift; path = TrackyApp.swift; sourceTree = "<group>"; };
		1B13E9C12C3E22CB00F79670 /* ContentView.swift */ = {isa = PBXFileReference; lastKnownFileType = sourcecode.swift; path = ContentView.swift; sourceTree = "<group>"; };
		1B13E9C32C3E22CD00F79670 /* Assets.xcassets */ = {isa = PBXFileReference; lastKnownFileType = folder.assetcatalog; path = Assets.xcassets; sourceTree = "<group>"; };
		1B13E9C62C3E22CD00F79670 /* Preview Assets.xcassets */ = {isa = PBXFileReference; lastKnownFileType = folder.assetcatalog; path = "Preview Assets.xcassets"; sourceTree = "<group>"; };
		1B13E9C82C3E22CD00F79670 /* Tracky.entitlements */ = {isa = PBXFileReference; lastKnownFileType = text.plist.entitlements; path = Tracky.entitlements; sourceTree = "<group>"; };
		1B760F9D2C44A2D400C879E8 /* Info.plist */ = {isa = PBXFileReference; fileEncoding = 4; lastKnownFileType = text.plist.xml; path = Info.plist; sourceTree = "<group>"; };
/* End PBXFileReference section */

/* Begin PBXFrameworksBuildPhase section */
		1B13E9B92C3E22CB00F79670 /* Frameworks */ = {
			isa = PBXFrameworksBuildPhase;
			buildActionMask = 2147483647;
			files = (
			);
			runOnlyForDeploymentPostprocessing = 0;
		};
/* End PBXFrameworksBuildPhase section */

/* Begin PBXGroup section */
		1B0BE6912DA1D72200E29CEB /* Frameworks */ = {
			isa = PBXGroup;
			children = (
			);
			name = Frameworks;
			sourceTree = "<group>";
		};
		1B13E9B32C3E22CB00F79670 = {
			isa = PBXGroup;
			children = (
				1B13E9BE2C3E22CB00F79670 /* Tracky */,
				1B0BE6912DA1D72200E29CEB /* Frameworks */,
				1B13E9BD2C3E22CB00F79670 /* Products */,
			);
			sourceTree = "<group>";
		};
		1B13E9BD2C3E22CB00F79670 /* Products */ = {
			isa = PBXGroup;
			children = (
				1B13E9BC2C3E22CB00F79670 /* Tracky.app */,
			);
			name = Products;
			sourceTree = "<group>";
		};
		1B13E9BE2C3E22CB00F79670 /* Tracky */ = {
			isa = PBXGroup;
			children = (
				1B0BE6972DA1DCCE00E29CEB /* AppDelegate.swift */,
				1B760F9D2C44A2D400C879E8 /* Info.plist */,
				1B760F902C41B0AE00C879E8 /* ViewModel */,
				1B760F8E2C40C6B000C879E8 /* Model */,
				1B760F8D2C40C6A700C879E8 /* Views */,
				1B13E9BF2C3E22CB00F79670 /* TrackyApp.swift */,
				1B13E9C12C3E22CB00F79670 /* ContentView.swift */,
				1B13E9C32C3E22CD00F79670 /* Assets.xcassets */,
				1B13E9C82C3E22CD00F79670 /* Tracky.entitlements */,
				1B13E9C52C3E22CD00F79670 /* Preview Content */,
			);
			path = Tracky;
			sourceTree = "<group>";
		};
		1B13E9C52C3E22CD00F79670 /* Preview Content */ = {
			isa = PBXGroup;
			children = (
				1B13E9C62C3E22CD00F79670 /* Preview Assets.xcassets */,
			);
			path = "Preview Content";
			sourceTree = "<group>";
		};
		1B760F8D2C40C6A700C879E8 /* Views */ = {
			isa = PBXGroup;
			children = (
				1B0BE6862DA1D2D300E29CEB /* MusicControlBar.swift */,
				1B0BE6792DA0F86700E29CEB /* Dashboard.swift */,
			);
			path = Views;
			sourceTree = "<group>";
		};
		1B760F8E2C40C6B000C879E8 /* Model */ = {
			isa = PBXGroup;
			children = (
				1B0BE6842DA1D2B500E29CEB /* SpotifyService.swift */,
				1B0BE6752DA0F80B00E29CEB /* OpenAIService.swift */,
				1B0BE6712DA0F78A00E29CEB /* AttentionRecord.swift */,
			);
			path = Model;
			sourceTree = "<group>";
		};
		1B760F902C41B0AE00C879E8 /* ViewModel */ = {
			isa = PBXGroup;
			children = (
				1B0BE6732DA0F7B800E29CEB /* ActivityTrackingManager.swift */,
				1B0BE67D2DA102A300E29CEB /* CameraTrackingManager.swift */,
				1B0BE6772DA0F83100E29CEB /* MenuBarController.swift */,
			);
			path = ViewModel;
			sourceTree = "<group>";
		};
/* End PBXGroup section */

/* Begin PBXNativeTarget section */
		1B13E9BB2C3E22CB00F79670 /* Tracky */ = {
			isa = PBXNativeTarget;
			buildConfigurationList = 1B13E9CB2C3E22CD00F79670 /* Build configuration list for PBXNativeTarget "Tracky" */;
			buildPhases = (
				1B13E9B82C3E22CB00F79670 /* Sources */,
				1B13E9B92C3E22CB00F79670 /* Frameworks */,
				1B13E9BA2C3E22CB00F79670 /* Resources */,
			);
			buildRules = (
			);
			dependencies = (
			);
			name = Tracky;
			productName = Tracky;
			productReference = 1B13E9BC2C3E22CB00F79670 /* Tracky.app */;
			productType = "com.apple.product-type.application";
		};
/* End PBXNativeTarget section */

/* Begin PBXProject section */
		1B13E9B42C3E22CB00F79670 /* Project object */ = {
			isa = PBXProject;
			attributes = {
				BuildIndependentTargetsInParallel = 1;
				LastSwiftUpdateCheck = 1540;
				LastUpgradeCheck = 1630;
				TargetAttributes = {
					1B13E9BB2C3E22CB00F79670 = {
						CreatedOnToolsVersion = 15.4;
					};
				};
			};
			buildConfigurationList = 1B13E9B72C3E22CB00F79670 /* Build configuration list for PBXProject "Tracky" */;
			compatibilityVersion = "Xcode 14.0";
			developmentRegion = en;
			hasScannedForEncodings = 0;
			knownRegions = (
				en,
				Base,
			);
			mainGroup = 1B13E9B32C3E22CB00F79670;
			productRefGroup = 1B13E9BD2C3E22CB00F79670 /* Products */;
			projectDirPath = "";
			projectRoot = "";
			targets = (
				1B13E9BB2C3E22CB00F79670 /* Tracky */,
			);
		};
/* End PBXProject section */

/* Begin PBXResourcesBuildPhase section */
		1B13E9BA2C3E22CB00F79670 /* Resources */ = {
			isa = PBXResourcesBuildPhase;
			buildActionMask = 2147483647;
			files = (
				1B13E9C72C3E22CD00F79670 /* Preview Assets.xcassets in Resources */,
				1B13E9C42C3E22CD00F79670 /* Assets.xcassets in Resources */,
			);
			runOnlyForDeploymentPostprocessing = 0;
		};
/* End PBXResourcesBuildPhase section */

/* Begin PBXSourcesBuildPhase section */
		1B13E9B82C3E22CB00F79670 /* Sources */ = {
			isa = PBXSourcesBuildPhase;
			buildActionMask = 2147483647;
			files = (
				1B0BE6982DA1DCD500E29CEB /* AppDelegate.swift in Sources */,
				1B0BE6852DA1D2BE00E29CEB /* SpotifyService.swift in Sources */,
				1B0BE67E2DA102A900E29CEB /* CameraTrackingManager.swift in Sources */,
				1B13E9C22C3E22CB00F79670 /* ContentView.swift in Sources */,
				1B0BE6872DA1D2E000E29CEB /* MusicControlBar.swift in Sources */,
				1B0BE6762DA0F81400E29CEB /* OpenAIService.swift in Sources */,
				1B0BE6722DA0F79900E29CEB /* AttentionRecord.swift in Sources */,
				1B0BE6742DA0F7C100E29CEB /* ActivityTrackingManager.swift in Sources */,
				1B0BE6782DA0F83700E29CEB /* MenuBarController.swift in Sources */,
				1B0BE67A2DA0F86E00E29CEB /* Dashboard.swift in Sources */,
				1B13E9C02C3E22CB00F79670 /* TrackyApp.swift in Sources */,
			);
			runOnlyForDeploymentPostprocessing = 0;
		};
/* End PBXSourcesBuildPhase section */

/* Begin XCBuildConfiguration section */
		1B13E9C92C3E22CD00F79670 /* Debug */ = {
			isa = XCBuildConfiguration;
			buildSettings = {
				ALWAYS_SEARCH_USER_PATHS = NO;
				ASSETCATALOG_COMPILER_GENERATE_SWIFT_ASSET_SYMBOL_EXTENSIONS = YES;
				CLANG_ANALYZER_NONNULL = YES;
				CLANG_ANALYZER_NUMBER_OBJECT_CONVERSION = YES_AGGRESSIVE;
				CLANG_CXX_LANGUAGE_STANDARD = "gnu++20";
				CLANG_ENABLE_MODULES = YES;
				CLANG_ENABLE_OBJC_ARC = YES;
				CLANG_ENABLE_OBJC_WEAK = YES;
				CLANG_WARN_BLOCK_CAPTURE_AUTORELEASING = YES;
				CLANG_WARN_BOOL_CONVERSION = YES;
				CLANG_WARN_COMMA = YES;
				CLANG_WARN_CONSTANT_CONVERSION = YES;
				CLANG_WARN_DEPRECATED_OBJC_IMPLEMENTATIONS = YES;
				CLANG_WARN_DIRECT_OBJC_ISA_USAGE = YES_ERROR;
				CLANG_WARN_DOCUMENTATION_COMMENTS = YES;
				CLANG_WARN_EMPTY_BODY = YES;
				CLANG_WARN_ENUM_CONVERSION = YES;
				CLANG_WARN_INFINITE_RECURSION = YES;
				CLANG_WARN_INT_CONVERSION = YES;
				CLANG_WARN_NON_LITERAL_NULL_CONVERSION = YES;
				CLANG_WARN_OBJC_IMPLICIT_RETAIN_SELF = YES;
				CLANG_WARN_OBJC_LITERAL_CONVERSION = YES;
				CLANG_WARN_OBJC_ROOT_CLASS = YES_ERROR;
				CLANG_WARN_QUOTED_INCLUDE_IN_FRAMEWORK_HEADER = YES;
				CLANG_WARN_RANGE_LOOP_ANALYSIS = YES;
				CLANG_WARN_STRICT_PROTOTYPES = YES;
				CLANG_WARN_SUSPICIOUS_MOVE = YES;
				CLANG_WARN_UNGUARDED_AVAILABILITY = YES_AGGRESSIVE;
				CLANG_WARN_UNREACHABLE_CODE = YES;
				CLANG_WARN__DUPLICATE_METHOD_MATCH = YES;
				COPY_PHASE_STRIP = NO;
				DEAD_CODE_STRIPPING = YES;
				DEBUG_INFORMATION_FORMAT = dwarf;
				DEVELOPMENT_TEAM = 7RFQ8P9BJ6;
				ENABLE_STRICT_OBJC_MSGSEND = YES;
				ENABLE_TESTABILITY = YES;
				ENABLE_USER_SCRIPT_SANDBOXING = YES;
				GCC_C_LANGUAGE_STANDARD = gnu17;
				GCC_DYNAMIC_NO_PIC = NO;
				GCC_NO_COMMON_BLOCKS = YES;
				GCC_OPTIMIZATION_LEVEL = 0;
				GCC_PREPROCESSOR_DEFINITIONS = (
					"DEBUG=1",
					"$(inherited)",
				);
				GCC_WARN_64_TO_32_BIT_CONVERSION = YES;
				GCC_WARN_ABOUT_RETURN_TYPE = YES_ERROR;
				GCC_WARN_UNDECLARED_SELECTOR = YES;
				GCC_WARN_UNINITIALIZED_AUTOS = YES_AGGRESSIVE;
				GCC_WARN_UNUSED_FUNCTION = YES;
				GCC_WARN_UNUSED_VARIABLE = YES;
				LOCALIZATION_PREFERS_STRING_CATALOGS = YES;
				MACOSX_DEPLOYMENT_TARGET = 14.5;
				MTL_ENABLE_DEBUG_INFO = INCLUDE_SOURCE;
				MTL_FAST_MATH = YES;
				ONLY_ACTIVE_ARCH = YES;
				SDKROOT = macosx;
				SWIFT_ACTIVE_COMPILATION_CONDITIONS = "DEBUG $(inherited)";
				SWIFT_OPTIMIZATION_LEVEL = "-Onone";
			};
			name = Debug;
		};
		1B13E9CA2C3E22CD00F79670 /* Release */ = {
			isa = XCBuildConfiguration;
			buildSettings = {
				ALWAYS_SEARCH_USER_PATHS = NO;
				ASSETCATALOG_COMPILER_GENERATE_SWIFT_ASSET_SYMBOL_EXTENSIONS = YES;
				CLANG_ANALYZER_NONNULL = YES;
				CLANG_ANALYZER_NUMBER_OBJECT_CONVERSION = YES_AGGRESSIVE;
				CLANG_CXX_LANGUAGE_STANDARD = "gnu++20";
				CLANG_ENABLE_MODULES = YES;
				CLANG_ENABLE_OBJC_ARC = YES;
				CLANG_ENABLE_OBJC_WEAK = YES;
				CLANG_WARN_BLOCK_CAPTURE_AUTORELEASING = YES;
				CLANG_WARN_BOOL_CONVERSION = YES;
				CLANG_WARN_COMMA = YES;
				CLANG_WARN_CONSTANT_CONVERSION = YES;
				CLANG_WARN_DEPRECATED_OBJC_IMPLEMENTATIONS = YES;
				CLANG_WARN_DIRECT_OBJC_ISA_USAGE = YES_ERROR;
				CLANG_WARN_DOCUMENTATION_COMMENTS = YES;
				CLANG_WARN_EMPTY_BODY = YES;
				CLANG_WARN_ENUM_CONVERSION = YES;
				CLANG_WARN_INFINITE_RECURSION = YES;
				CLANG_WARN_INT_CONVERSION = YES;
				CLANG_WARN_NON_LITERAL_NULL_CONVERSION = YES;
				CLANG_WARN_OBJC_IMPLICIT_RETAIN_SELF = YES;
				CLANG_WARN_OBJC_LITERAL_CONVERSION = YES;
				CLANG_WARN_OBJC_ROOT_CLASS = YES_ERROR;
				CLANG_WARN_QUOTED_INCLUDE_IN_FRAMEWORK_HEADER = YES;
				CLANG_WARN_RANGE_LOOP_ANALYSIS = YES;
				CLANG_WARN_STRICT_PROTOTYPES = YES;
				CLANG_WARN_SUSPICIOUS_MOVE = YES;
				CLANG_WARN_UNGUARDED_AVAILABILITY = YES_AGGRESSIVE;
				CLANG_WARN_UNREACHABLE_CODE = YES;
				CLANG_WARN__DUPLICATE_METHOD_MATCH = YES;
				COPY_PHASE_STRIP = NO;
				DEAD_CODE_STRIPPING = YES;
				DEBUG_INFORMATION_FORMAT = "dwarf-with-dsym";
				DEVELOPMENT_TEAM = 7RFQ8P9BJ6;
				ENABLE_NS_ASSERTIONS = NO;
				ENABLE_STRICT_OBJC_MSGSEND = YES;
				ENABLE_USER_SCRIPT_SANDBOXING = YES;
				GCC_C_LANGUAGE_STANDARD = gnu17;
				GCC_NO_COMMON_BLOCKS = YES;
				GCC_WARN_64_TO_32_BIT_CONVERSION = YES;
				GCC_WARN_ABOUT_RETURN_TYPE = YES_ERROR;
				GCC_WARN_UNDECLARED_SELECTOR = YES;
				GCC_WARN_UNINITIALIZED_AUTOS = YES_AGGRESSIVE;
				GCC_WARN_UNUSED_FUNCTION = YES;
				GCC_WARN_UNUSED_VARIABLE = YES;
				LOCALIZATION_PREFERS_STRING_CATALOGS = YES;
				MACOSX_DEPLOYMENT_TARGET = 14.5;
				MTL_ENABLE_DEBUG_INFO = NO;
				MTL_FAST_MATH = YES;
				SDKROOT = macosx;
				SWIFT_COMPILATION_MODE = wholemodule;
			};
			name = Release;
		};
		1B13E9CC2C3E22CD00F79670 /* Debug */ = {
			isa = XCBuildConfiguration;
			buildSettings = {
				ASSETCATALOG_COMPILER_APPICON_NAME = AppIcon;
				ASSETCATALOG_COMPILER_GLOBAL_ACCENT_COLOR_NAME = AccentColor;
				CODE_SIGN_ENTITLEMENTS = Tracky/Tracky.entitlements;
				"CODE_SIGN_IDENTITY[sdk=macosx*]" = "Apple Development";
				CODE_SIGN_STYLE = Automatic;
				COMBINE_HIDPI_IMAGES = YES;
				CURRENT_PROJECT_VERSION = 1;
				DEAD_CODE_STRIPPING = YES;
				DEVELOPMENT_ASSET_PATHS = "\"Tracky/Preview Content\"";
				ENABLE_HARDENED_RUNTIME = YES;
				ENABLE_PREVIEWS = YES;
				GENERATE_INFOPLIST_FILE = YES;
				INFOPLIST_FILE = Tracky/Info.plist;
				INFOPLIST_KEY_LSApplicationCategoryType = "public.app-category.productivity";
				INFOPLIST_KEY_NSCameraUsageDescription = "Need camera access for uploading images";
				INFOPLIST_KEY_NSHumanReadableCopyright = "";
				INFOPLIST_KEY_NSLocationUsageDescription = "Need location access for updating nearby friends";
				INFOPLIST_KEY_NSLocationWhenInUseUsageDescription = "This app will use your location to show features near you.";
				INFOPLIST_KEY_NSMicrophoneUsageDescription = "Need microphone access for uploading audio";
				INFOPLIST_KEY_NSPhotoLibraryUsageDescription = "Need photo library access for saving and uploading images";
				LD_RUNPATH_SEARCH_PATHS = (
					"$(inherited)",
					"@executable_path/../Frameworks",
				);
				MARKETING_VERSION = 1.0;
				OTHER_LDFLAGS = "\"-ObjC\"";
				PRODUCT_BUNDLE_IDENTIFIER = com.mckiba.Tracky;
				PRODUCT_NAME = "$(TARGET_NAME)";
				SWIFT_EMIT_LOC_STRINGS = YES;
				SWIFT_VERSION = 5.0;
			};
			name = Debug;
		};
		1B13E9CD2C3E22CD00F79670 /* Release */ = {
			isa = XCBuildConfiguration;
			buildSettings = {
				ASSETCATALOG_COMPILER_APPICON_NAME = AppIcon;
				ASSETCATALOG_COMPILER_GLOBAL_ACCENT_COLOR_NAME = AccentColor;
				CODE_SIGN_ENTITLEMENTS = Tracky/Tracky.entitlements;
				"CODE_SIGN_IDENTITY[sdk=macosx*]" = "Apple Development";
				CODE_SIGN_STYLE = Automatic;
				COMBINE_HIDPI_IMAGES = YES;
				CURRENT_PROJECT_VERSION = 1;
				DEAD_CODE_STRIPPING = YES;
				DEVELOPMENT_ASSET_PATHS = "\"Tracky/Preview Content\"";
				ENABLE_HARDENED_RUNTIME = YES;
				ENABLE_PREVIEWS = YES;
				GENERATE_INFOPLIST_FILE = YES;
				INFOPLIST_FILE = Tracky/Info.plist;
				INFOPLIST_KEY_LSApplicationCategoryType = "public.app-category.productivity";
				INFOPLIST_KEY_NSCameraUsageDescription = "Need camera access for uploading images";
				INFOPLIST_KEY_NSHumanReadableCopyright = "";
				INFOPLIST_KEY_NSLocationUsageDescription = "Need location access for updating nearby friends";
				INFOPLIST_KEY_NSLocationWhenInUseUsageDescription = "This app will use your location to show features near you.";
				INFOPLIST_KEY_NSMicrophoneUsageDescription = "Need microphone access for uploading audio";
				INFOPLIST_KEY_NSPhotoLibraryUsageDescription = "Need photo library access for saving and uploading images";
				LD_RUNPATH_SEARCH_PATHS = (
					"$(inherited)",
					"@executable_path/../Frameworks",
				);
				MARKETING_VERSION = 1.0;
				OTHER_LDFLAGS = "\"-ObjC\"";
				PRODUCT_BUNDLE_IDENTIFIER = com.mckiba.Tracky;
				PRODUCT_NAME = "$(TARGET_NAME)";
				SWIFT_EMIT_LOC_STRINGS = YES;
				SWIFT_VERSION = 5.0;
			};
			name = Release;
		};
/* End XCBuildConfiguration section */

/* Begin XCConfigurationList section */
		1B13E9B72C3E22CB00F79670 /* Build configuration list for PBXProject "Tracky" */ = {
			isa = XCConfigurationList;
			buildConfigurations = (
				1B13E9C92C3E22CD00F79670 /* Debug */,
				1B13E9CA2C3E22CD00F79670 /* Release */,
			);
			defaultConfigurationIsVisible = 0;
			defaultConfigurationName = Release;
		};
		1B13E9CB2C3E22CD00F79670 /* Build configuration list for PBXNativeTarget "Tracky" */ = {
			isa = XCConfigurationList;
			buildConfigurations = (
				1B13E9CC2C3E22CD00F79670 /* Debug */,
				1B13E9CD2C3E22CD00F79670 /* Release */,
			);
			defaultConfigurationIsVisible = 0;
			defaultConfigurationName = Release;
		};
/* End XCConfigurationList section */
	};
	rootObject = 1B13E9B42C3E22CB00F79670 /* Project object */;
}
